lockfileVersion: '9.0'

settings:
  autoInstallPeers: true
  excludeLinksFromLockfile: false

overrides:
  '@intlify/core-base': 9.14.5
  '@intlify/message-resolver': 9.1.11
  adm-zip: 0.6.0
  jpeg-js: 0.4.4
  phin@>=3.0.0 <3.7.1: 3.7.1
  postcss: 8.5.26
  path-to-regexp: 0.1.13
  vite: 6.4.3
  ws@>=8.0.0 <8.21.3: 8.21.3

importers:

  .:
    devDependencies:
      playwright:
        specifier: 1.55.1
        version: 1.55.1
      prettier:
        specifier: 3.9.6
        version: 3.9.6
      yaml:
        specifier: 2.8.1
        version: 2.8.1

  apps/parking-admin:
    dependencies:
      '@lucide/vue':
        specifier: 1.31.0
        version: 1.31.0(vue@3.4.21(typescript@5.9.3))
      vue:
        specifier: 3.4.21
        version: 3.4.21(typescript@5.9.3)
    devDependencies:
      '@vitejs/plugin-vue':
        specifier: 5.2.4
        version: 5.2.4(vite@6.4.3(@types/node@26.2.0)(sass@1.102.0)(terser@5.50.0)(yaml@2.8.1))(vue@3.4.21(typescript@5.9.3))
      typescript:
        specifier: ^5.5.4
        version: 5.9.3
      vite:
        specifier: 6.4.3
        version: 6.4.3(@types/node@26.2.0)(sass@1.102.0)(terser@5.50.0)(yaml@2.8.1)
      vue-tsc:
        specifier: ^2.0.29
        version: 2.2.12(typescript@5.9.3)

  apps/parking-uniapp:
    dependencies:
      '@dcloudio/uni-app':
        specifier: 3.0.0-5020420260813001
        version: 3.0.0-5020420260813001(@dcloudio/types@3.4.31)(postcss@8.5.26)(rollup@4.62.4)(supports-color@8.1.1)(vite@6.4.3(@types/node@26.2.0)(sass@1.102.0)(terser@5.50.0)(yaml@2.8.1))(vue@3.4.21(typescript@4.9.5))
      '@dcloudio/uni-app-harmony':
        specifier: 3.0.0-5020420260813001
        version: 3.0.0-5020420260813001(postcss@8.5.26)(rollup@4.62.4)(supports-color@8.1.1)(vite@6.4.3(@types/node@26.2.0)(sass@1.102.0)(terser@5.50.0)(yaml@2.8.1))(vue@3.4.21(typescript@4.9.5))
      '@dcloudio/uni-app-plus':
        specifier: 3.0.0-5020420260813001
        version: 3.0.0-5020420260813001(postcss@8.5.26)(rollup@4.62.4)(supports-color@8.1.1)(vite@6.4.3(@types/node@26.2.0)(sass@1.102.0)(terser@5.50.0)(yaml@2.8.1))(vue@3.4.21(typescript@4.9.5))
      '@dcloudio/uni-components':
        specifier: 3.0.0-5020420260813001
        version: 3.0.0-5020420260813001(postcss@8.5.26)(rollup@4.62.4)(supports-color@8.1.1)(vite@6.4.3(@types/node@26.2.0)(sass@1.102.0)(terser@5.50.0)(yaml@2.8.1))(vue@3.4.21(typescript@4.9.5))
      '@dcloudio/uni-h5':
        specifier: 3.0.0-5020420260813001
        version: 3.0.0-5020420260813001(postcss@8.5.26)(rollup@4.62.4)(supports-color@8.1.1)(vite@6.4.3(@types/node@26.2.0)(sass@1.102.0)(terser@5.50.0)(yaml@2.8.1))(vue@3.4.21(typescript@4.9.5))
      '@dcloudio/uni-mp-alipay':
        specifier: 3.0.0-5020420260813001
        version: 3.0.0-5020420260813001(postcss@8.5.26)(rollup@4.62.4)(supports-color@8.1.1)(vue@3.4.21(typescript@4.9.5))
      '@dcloudio/uni-mp-baidu':
        specifier: 3.0.0-5020420260813001
        version: 3.0.0-5020420260813001(@dcloudio/types@3.4.31)(debug@4.4.3(supports-color@8.1.1))(postcss@8.5.26)(rollup@4.62.4)(supports-color@8.1.1)(vite@6.4.3(@types/node@26.2.0)(sass@1.102.0)(terser@5.50.0)(yaml@2.8.1))(vue@3.4.21(typescript@4.9.5))
      '@dcloudio/uni-mp-harmony':
        specifier: 3.0.0-5020420260813001
        version: 3.0.0-5020420260813001(postcss@8.5.26)(rollup@4.62.4)(supports-color@8.1.1)(vue@3.4.21(typescript@4.9.5))
      '@dcloudio/uni-mp-jd':
        specifier: 3.0.0-5020420260813001
        version: 3.0.0-5020420260813001(postcss@8.5.26)(rollup@4.62.4)(supports-color@8.1.1)(vue@3.4.21(typescript@4.9.5))
      '@dcloudio/uni-mp-kuaishou':
        specifier: 3.0.0-5020420260813001
        version: 3.0.0-5020420260813001(debug@4.4.3(supports-color@8.1.1))(postcss@8.5.26)(rollup@4.62.4)(supports-color@8.1.1)(vue@3.4.21(typescript@4.9.5))
      '@dcloudio/uni-mp-lark':
        specifier: 3.0.0-5020420260813001
        version: 3.0.0-5020420260813001(postcss@8.5.26)(rollup@4.62.4)(supports-color@8.1.1)(vue@3.4.21(typescript@4.9.5))
      '@dcloudio/uni-mp-qq':
        specifier: 3.0.0-5020420260813001
        version: 3.0.0-5020420260813001(postcss@8.5.26)(rollup@4.62.4)(supports-color@8.1.1)(vue@3.4.21(typescript@4.9.5))
      '@dcloudio/uni-mp-toutiao':
        specifier: 3.0.0-5020420260813001
        version: 3.0.0-5020420260813001(postcss@8.5.26)(rollup@4.62.4)(supports-color@8.1.1)(vue@3.4.21(typescript@4.9.5))
      '@dcloudio/uni-mp-weixin':
        specifier: 3.0.0-5020420260813001
        version: 3.0.0-5020420260813001(debug@4.4.3(supports-color@8.1.1))(postcss@8.5.26)(rollup@4.62.4)(supports-color@8.1.1)(vue@3.4.21(typescript@4.9.5))
      '@dcloudio/uni-mp-xhs':
        specifier: 3.0.0-5020420260813001
        version: 3.0.0-5020420260813001(postcss@8.5.26)(rollup@4.62.4)(supports-color@8.1.1)(vue@3.4.21(typescript@4.9.5))
      '@dcloudio/uni-quickapp-webview':
        specifier: 3.0.0-5020420260813001
        version: 3.0.0-5020420260813001(postcss@8.5.26)(rollup@4.62.4)(supports-color@8.1.1)(vue@3.4.21(typescript@4.9.5))
      pinia:
        specifier: 2.1.7
        version: 2.1.7(typescript@4.9.5)(vue@3.4.21(typescript@4.9.5))
      vue:
        specifier: 3.4.21
        version: 3.4.21(typescript@4.9.5)
    devDependencies:
      '@dcloudio/types':
        specifier: 3.4.31
        version: 3.4.31
      '@dcloudio/uni-automator':
        specifier: 3.0.0-5020420260813001
        version: 3.0.0-5020420260813001(jest-environment-node@27.5.1)(jest@27.0.4(supports-color@8.1.1))(postcss@8.5.26)(rollup@4.62.4)(supports-color@8.1.1)(vue@3.4.21(typescript@4.9.5))
      '@dcloudio/uni-cli-shared':
        specifier: 3.0.0-5020420260813001
        version: 3.0.0-5020420260813001(postcss@8.5.26)(rollup@4.62.4)(supports-color@8.1.1)(vue@3.4.21(typescript@4.9.5))
      '@dcloudio/uni-stacktracey':
        specifier: 3.0.0-5020420260813001
        version: 3.0.0-5020420260813001
      '@dcloudio/vite-plugin-uni':
        specifier: 3.0.0-5020420260813001
        version: 3.0.0-5020420260813001(postcss@8.5.26)(rollup@4.62.4)(supports-color@8.1.1)(vite@6.4.3(@types/node@26.2.0)(sass@1.102.0)(terser@5.50.0)(yaml@2.8.1))(vue@3.4.21(typescript@4.9.5))
      '@vue/runtime-core':
        specifier: 3.4.21
        version: 3.4.21
      '@vue/tsconfig':
        specifier: ^0.1.3
        version: 0.1.3(@types/node@26.2.0)
      sass:
        specifier: ^1.102.0
        version: 1.102.0
      typescript:
        specifier: ^4.9.4
        version: 4.9.5
      vite:
        specifier: 6.4.3
        version: 6.4.3(@types/node@26.2.0)(sass@1.102.0)(terser@5.50.0)(yaml@2.8.1)
      vue-tsc:
        specifier: ^1.0.24
        version: 1.8.27(typescript@4.9.5)

packages:

  '@ampproject/remapping@2.3.0':
    resolution: {integrity: sha512-30iZtAPgz+LTIYoeivqYo853f02jBYSd5uGnGpkFV0M3xOt9aN73erkgYAmZU43x4VfqcnLxW9Kpg3R5LC4YYw==}
    engines: {node: '>=6.0.0'}

  '@babel/code-frame@7.24.7':
    resolution: {integrity: sha512-BcYH1CVJBO9tvyIZ2jVeXgSIMvGZ2FDRvDdOIVQyuklNKSsx+eppDEBq/g47Ayw+RqNFE+URvOShmf+f/qwAlA==}
    engines: {node: '>=6.9.0'}

  '@babel/code-frame@7.29.7':
    resolution: {integrity: sha512-Aup7aUOfpbAUg2ROOJN6Iw5f9DMBlzu0mIkm/malLQFN/YQgO48wCj0Kxa3sEHJvPVFg7siR+qRInwXd2qhQKw==}
    engines: {node: '>=6.9.0'}

  '@babel/compat-data@7.29.7':
    resolution: {integrity: sha512-locTkQyKvwIEgBzVrn8693ebc97F2U8ZHjbXwDXJ5Fn2TCpNwTlKcaKLkdHop5c/icOFE7qt7Q9JC5hnKNa6Gg==}
    engines: {node: '>=6.9.0'}

  '@babel/core@7.25.2':
    resolution: {integrity: sha512-BBt3opiCOxUr9euZ5/ro/Xv8/V7yJ5bjYMqG/C1YAo8MIKAnumZalCN+msbci3Pigy4lIQfPUpfMM27HMGaYEA==}
    engines: {node: '>=6.9.0'}

  '@babel/generator@7.25.6':
    resolution: {integrity: sha512-VPC82gr1seXOpkjAAKoLhP50vx4vGNlF4msF64dSFq1P8RfB+QAuJWGHPXXPc8QyfVWwwB/TNNU4+ayZmHNbZw==}
    engines: {node: '>=6.9.0'}

  '@babel/generator@7.29.8':
    resolution: {integrity: sha512-gZbepsdh3WDtgZKWL+vTPh71LSBrm/Y4/QDZBVCcYfmeTEEuoOYwlSy+G1StfJg+/Zy550u/3TATbm7qDbbMtg==}
    engines: {node: '>=6.9.0'}

  '@babel/helper-annotate-as-pure@7.29.7':
    resolution: {integrity: sha512-OoK6239jHPuSQOoS0kfTVKn0b/rVTk0seKq4Gd2UMLtmOVLjDC0ki3e+c90Trqv2gMfvJFqkiljrr568+qddiw==}
    engines: {node: '>=6.9.0'}

  '@babel/helper-compilation-targets@7.29.7':
    resolution: {integrity: sha512-wem6WaBj4NaVYVdNhLPPVacES6ZJ+KBBfSkTMD3YZxbP3rm3Di85tJU5ljaUNhaOynt+Aj0xruhYuzQBt8n71g==}
    engines: {node: '>=6.9.0'}

  '@babel/helper-create-class-features-plugin@7.29.7':
    resolution: {integrity: sha512-IY3ZD9Tmooqr3TUhc3DUWxiuo8xx1DWLhd5M7hQ+ZWJamqM2BbalrBJb2MisSLoYorOj75U03qULCxQTY9r3hg==}
    engines: {node: '>=6.9.0'}
    peerDependencies:
      '@babel/core': ^7.0.0

  '@babel/helper-create-regexp-features-plugin@7.29.7':
    resolution: {integrity: sha512-907Uymvqgg1dwUA+7IGwFAOSYzQOuzPXKNJ1yxzwPffzkYFg2q2eHi1fIOs6sXkG9NbIUMunnUlkYsfRFNvomg==}
    engines: {node: '>=6.9.0'}
    peerDependencies:
      '@babel/core': ^7.0.0

  '@babel/helper-define-polyfill-provider@0.6.8':
    resolution: {integrity: sha512-47UwBLPpQi1NoWzLuHNjRoHlYXMwIJoBf7MFou6viC/sIHWYygpvr0B6IAyh5sBdA2nr2LPIRww8lfaUVQINBA==}
    peerDependencies:
      '@babel/core': ^7.4.0 || ^8.0.0-0 <8.0.0

  '@babel/helper-globals@7.29.7':
    resolution: {integrity: sha512-3nQVUAtvkKH9zahfWgw96Jc/uFOmjACE1kQz82E2lqWmHBgjzbNlsC22nuQTfahmWeQtTq5nQ/4Nnd2A1wj4zA==}
    engines: {node: '>=6.9.0'}

  '@babel/helper-member-expression-to-functions@7.29.7':
    resolution: {integrity: sha512-j+7JYmk1JYDtACIGj0QJqqWZjoUpMoEikQGADMaHgCMCSDqd2+P32rfcibUNrGOMWrlzK1WJBdxrB3JJQZwWtg==}
    engines: {node: '>=6.9.0'}

  '@babel/helper-module-imports@7.29.7':
    resolution: {integrity: sha512-ejHwrQQYcm9xnTivShn2IDOlIzInN34AXskvq9QicvCtEzq1Vzclu/tKF8Jq1Cg8JG2GL6/EmjgsCT7lXepE3g==}
    engines: {node: '>=6.9.0'}

  '@babel/helper-module-transforms@7.29.7':
    resolution: {integrity: sha512-UPUVSyXbOh627KiCIGQSgwWzGeBKLkaJ9PJEdrngIwMSzxLR4jS4+f1f1jb7VzBbg8nFLaYotvVPFCTqdrmTAg==}
    engines: {node: '>=6.9.0'}
    peerDependencies:
      '@babel/core': ^7.0.0

  '@babel/helper-optimise-call-expression@7.29.7':
    resolution: {integrity: sha512-+kmGVjcT9RGYzoDwdwEqEvGgKe3BYq+O1iGzjFubaNgZHwYHP6lsF2Yghf4kEuv9BV7tYDZ913aBW9am6YKong==}
    engines: {node: '>=6.9.0'}

  '@babel/helper-plugin-utils@7.29.7':
    resolution: {integrity: sha512-G7sHYigPY17oO5SYWnfD/0MTBwVR781S/JI643e/JhUYgVgWE/61SoW3NH9KWUKyKq5LVh3npif99Wkt6j86Jw==}
    engines: {node: '>=6.9.0'}

  '@babel/helper-remap-async-to-generator@7.29.7':
    resolution: {integrity: sha512-16AMiW26DbXWBbr3B8wNozKM0ydMLB892vaOaJW/fPJdnT8vJk5sdkQcU/isqUxyCE0cEoa8wZOcbgDuC4b6Og==}
    engines: {node: '>=6.9.0'}
    peerDependencies:
      '@babel/core': ^7.0.0

  '@babel/helper-replace-supers@7.29.7':
    resolution: {integrity: sha512-atfGXWSeCiF4DnKZIfmJfQRkSw9b9gNNXR1kqKjbhG4pGYCOnkp8OcTB8E3NXjBu8NpheSnOeNKz8KT7UNFTmQ==}
    engines: {node: '>=6.9.0'}
    peerDependencies:
      '@babel/core': ^7.0.0

  '@babel/helper-skip-transparent-expression-wrappers@7.29.7':
    resolution: {integrity: sha512-brcMGQaVzIeUb+6/bs1Av0f8YuNNjKY2JyvfRCsFuFsdKccEQ5Ges2y74D74NZ1Rz8lKJ9ksJkfqwQFJ/iNEyQ==}
    engines: {node: '>=6.9.0'}

  '@babel/helper-string-parser@7.29.7':
    resolution: {integrity: sha512-Pb5ijPrZ89GDH8223L4UP8i6QApWxs04RbPQJTeWDV0/keR2E36MeKnyr6LYmUUvqRRI+Iv87SuF1W6ErINzYw==}
    engines: {node: '>=6.9.0'}

  '@babel/helper-validator-identifier@7.29.7':
    resolution: {integrity: sha512-qehxGkRj55h/ff8EMaJ+cYhyaKlHIxqYDn682wQD7RNp9UujOQsHog2uS0r2vzr4pW+sXf90NeeayjcNaX3fFg==}
    engines: {node: '>=6.9.0'}

  '@babel/helper-validator-option@7.29.7':
    resolution: {integrity: sha512-N9ZErrD+yW5geCDtBqnOoxmR8+tNKiGuxKlDpuJxfsqpa2dFcexaziGAE/qoHLiDDreVNMupxGmSoNlyvsA3gw==}
    engines: {node: '>=6.9.0'}

  '@babel/helper-wrap-function@7.29.7':
    resolution: {integrity: sha512-iES0Skag9ERIF68aXadpO6dbXa03mNWK3sEqJaMnLNs/eC3l0lkImdfoy6Y09/SfkpawdAB4RjQ7PVA7TcVGdw==}
    engines: {node: '>=6.9.0'}

  '@babel/helpers@7.29.7':
    resolution: {integrity: sha512-1k2lAGRMfHTcwuNYcCNUmaUffmQv8KWMfh2iJUUeRlwlwH4FdNG7mfPI10NPfLHJFThE4Tyr4mv7kTNZOiPuBg==}
    engines: {node: '>=6.9.0'}

  '@babel/highlight@7.25.9':
    resolution: {integrity: sha512-llL88JShoCsth8fF8R4SJnIn+WLvR6ccFxu1H3FlMhDontdcmZWf2HgIZ7AIqV3Xcck1idlohrN4EUBQz6klbw==}
    engines: {node: '>=6.9.0'}

  '@babel/parser@7.25.6':
    resolution: {integrity: sha512-trGdfBdbD0l1ZPmcJ83eNxB9rbEax4ALFTF7fN386TMYbeCQbyme5cOEXQhbGXKebwGaB/J52w1mrklMcbgy6Q==}
    engines: {node: '>=6.0.0'}
    hasBin: true

  '@babel/parser@7.29.8':
    resolution: {integrity: sha512-E8lTAYNB1KW+FH+VGJuZM1ioAx2E6oVlvQFRrf5P8ZZmsiJXYAD9vTFV7yyEURNzgh1dFqMZuO6tUwcARbqFCA==}
    engines: {node: '>=6.0.0'}
    hasBin: true

  '@babel/plugin-bugfix-firefox-class-in-computed-class-key@7.29.7':
    resolution: {integrity: sha512-j8SrR0zLZrRsC09DlszEx8FpMiwukKffYXMK0d5LmOglO7vGG6sz/BR/20yHqWH+Lnn31JTt2PE3hIWNgM2J6w==}
    engines: {node: '>=6.9.0'}
    peerDependencies:
      '@babel/core': ^7.0.0

  '@babel/plugin-bugfix-safari-class-field-initializer-scope@7.29.7':
    resolution: {integrity: sha512-r8j8escF+U2FUHo0KOhPUdMzUO+jp9fInva6+ACVAF3Y97Ev+5iNZwiqTghmzNeWwDkOPlYuTcfb1vDaoZKmAQ==}
    engines: {node: '>=6.9.0'}
    peerDependencies:
      '@babel/core': ^7.0.0

  '@babel/plugin-bugfix-safari-id-destructuring-collision-in-function-expression@7.29.7':
    resolution: {integrity: sha512-GE1TFSiuFeGsCxmYXZl8HwoPrVlwe4rHPFE8weieGKZqnDORK+Ar3vgWMgW+AOxQ6/2TgLSKx9p6W7O4rC6qgQ==}
    engines: {node: '>=6.9.0'}
    peerDependencies:
      '@babel/core': ^7.0.0

  '@babel/plugin-bugfix-safari-rest-destructuring-rhs-array@7.29.7':
    resolution: {integrity: sha512-oBNVCvnO5tND+xSopWvV8WNGfpTfgP4Zr/YXXSj8zfmcPktp5Ku/aZlsIowgSD4fjmgHn6sGmB9APVsU5zOdhA==}
    engines: {node: '>=6.9.0'}
    peerDependencies:
      '@babel/core': ^7.0.0

  '@babel/plugin-bugfix-v8-spread-parameters-in-optional-chaining@7.29.7':
    resolution: {integrity: sha512-QQt9qKHZ2sg/kivaLr7lnQr8HVrQDdBNSfCsTjiDxRuX/K5ORyKq+Bu8Xr0cDE3Dfkv0cw28Ve0EKyKMvulkOw==}
    engines: {node: '>=6.9.0'}
    peerDependencies:
      '@babel/core': ^7.13.0

  '@babel/plugin-bugfix-v8-static-class-fields-redefine-readonly@7.29.7':
    resolution: {integrity: sha512-pn6QacGLgvCcwc+syUhKE/qSjV2D1IHDB84RNxWYSt1mW3K/SCtjinZ2p0cETJxAWBjPy3K/1lHwG5BjjPxNlw==}
    engines: {node: '>=6.9.0'}
    peerDependencies:
      '@babel/core': ^7.0.0

  '@babel/plugin-proposal-private-property-in-object@7.21.0-placeholder-for-preset-env.2':
    resolution: {integrity: sha512-SOSkfJDddaM7mak6cPEpswyTRnuRltl429hMraQEglW+OkovnCzsiszTmsrlY//qLFjCpQDFRvjdm2wA5pPm9w==}
    engines: {node: '>=6.9.0'}
    peerDependencies:
      '@babel/core': ^7.0.0-0

  '@babel/plugin-syntax-async-generators@7.8.4':
    resolution: {integrity: sha512-tycmZxkGfZaxhMRbXlPXuVFpdWlXpir2W4AMhSJgRKzk/eDlIXOhb2LHWoLpDF7TEHylV5zNhykX6KAgHJmTNw==}
    peerDependencies:
      '@babel/core': ^7.0.0-0

  '@babel/plugin-syntax-bigint@7.8.3':
    resolution: {integrity×M;ëKh‘éì¶»§q«^uNˆ‹ŒŒÂ‚ˆÙË]\\Ð‹ŒËŒN‚ˆ\[™[˜ÚY\Î‚ˆÛÛ™˜›ÞˆŒ‹ˆ^ÛÛ™NˆKŒKŒBˆ]Nˆ‹ŒŒÂ‚ˆ^]ÜšYÚXÛÜ™PKMKŒNˆßB‚ˆ^]ÜšYÚKMKŒN‚ˆ\[™[˜ÚY\Î‚ˆ^]ÜšYÚXÛÜ™NˆKMKŒBˆÜ[Û˜[\[™[˜ÚY\Î‚ˆœÙ]™[Îˆ‹ŒËŒ‚‚ˆ™ÚœÐËŒˆßB‚ˆÜÝÜÜËZ[\ÜMŒKŒ
ÜÝÜÜÐKŒŠN‚ˆ\[™[˜ÚY\Î‚ˆÜÝÜÜÎˆKŒ‚ˆÜÝÜÜË]˜[YK\\œÙ\ŽˆŒ‹Œˆ™XYXØXÚNˆKŒŒˆ™\ÛÛ™NˆKŒŒ‹Ž‚ˆÜÝÜÜË[ØYXÛÛ™šYÐËŒK
ÜÝÜÜÐKŒŠN‚ˆ\[™[˜ÚY\Î‚ˆ[ÛÛ™šYÎˆ‹ŒKŒˆX[[ˆKŒLŒÂˆÜ[Û˜[\[™[˜ÚY\Î‚ˆÜÝÜÜÎˆKŒ‚‚ˆÜÝÜÜË[[Ù[\ËY^˜XÝZ[\ÜÐËŒKŒ
ÜÝÜÜÐKŒŠN‚ˆ\[™[˜ÚY\Î‚ˆÜÝÜÜÎˆKŒ‚‚ˆÜÝÜÜË[[Ù[\Ë[ØØ[XžKYY˜][Œ‹Œ
ÜÝÜÜÐKŒŠN‚ˆ\[™[˜ÚY\Î‚ˆXÜÜË]][ÎˆKŒKŒ
ÜÝÜÜÐKŒŠBˆÜÝÜÜÎˆKŒ‚ˆÜÝÜÜË\Ù[XÝÜ‹\\œÙ\ŽˆËŒKBˆÜÝÜÜË]˜[YK\\œÙ\ŽˆŒ‹Œ‚ˆÜÝÜÜË[[Ù[\Ë\ØÛÜPËŒ‹ŒJÜÝÜÜÐKŒŠN‚ˆ\[™[˜ÚY\Î‚ˆÜÝÜÜÎˆKŒ‚ˆÜÝÜÜË\Ù[XÝÜ‹\\œÙ\ŽˆËŒKB‚ˆÜÝÜÜË[[Ù[\Ë]˜[Y\ÐŒŒ
ÜÝÜÜÐKŒŠN‚ˆ\[™[˜ÚY\Î‚ˆXÜÜË]][ÎˆKŒKŒ
ÜÝÜÜÐKŒŠBˆÜÝÜÜÎˆKŒ‚‚ˆÜÝÜÜË[[Ù[\ÐŒËŒJÜÝÜÜÐKŒŠN‚ˆ\[™[˜ÚY\Î‚ˆÙ[™\šXË[˜[Y\ÎˆŒŒˆXÜÜË\™\XÙK\Þ[X›ÛÎˆKŒKŒˆÙ\Ú˜Ø[Y[Ø\ÙNˆŒËŒˆÜÝÜÜÎˆKŒ‚ˆÜÝÜÜË[[Ù[\ËY^˜XÝZ[\ÜÎˆËŒKŒ
ÜÝÜÜÐKŒŠBˆÜÝÜÜË[[Ù[\Ë[ØØ[XžKYY˜][ˆŒ‹Œ
ÜÝÜÜÐKŒŠBˆÜÝÜÜË[[Ù[\Ë\ØÛÜNˆËŒ‹ŒJÜÝÜÜÐKŒŠBˆÜÝÜÜË[[Ù[\Ë]˜[Y\ÎˆŒŒ
ÜÝÜÜÐKŒŠBˆÝš[™ËZ\ÚˆKŒKŒÂ‚ˆÜÝÜÜË\Ù[XÝÜ‹\\œÙ\‹ŒKŒŽ‚ˆ\[™[˜ÚY\Î‚ˆÜÜÙ\ØÎˆËŒŒˆ][Y\™XØ]NˆKŒŒ‚‚ˆÜÝÜÜË\Ù[XÝÜ‹\\œÙ\ËŒKN‚ˆ\[™[˜ÚY\Î‚ˆÜÜÙ\ØÎˆËŒŒˆ][Y\™XØ]NˆKŒŒ‚‚ˆÜÝÜÜË]˜[YK\\œÙ\Œ‹ŒˆßB‚ˆÜÝÜÜÐKŒŽ‚ˆ\[™[˜ÚY\Î‚ˆ˜[›ÚYˆËŒËŒNˆXÛØÛÛÜœÎˆKŒKŒBˆÛÝ\˜ÙK[X\ZœÎˆKŒ‹ŒB‚ˆ™]Y\ËŽKŽˆßB‚ˆ™]KY›Ü›X]ËKŒN‚ˆ\[™[˜ÚY\Î‚ˆ[œÚK\™YÙ^ˆKŒŒBˆ[œÚK\Ý[\ÎˆKŒ‹Œˆ™XXÝZ\ÎˆMËŒŒ‚‚ˆ›ØÙ\ÜÐŒLKŒLˆßB‚ˆ›Û\Ð‹ŒŽ‚ˆ\[™[˜ÚY\Î‚ˆÛ]\ŽˆËŒŒÂˆÚ\Ý\˜[œÚNˆKŒB‚ˆ›ÞKXY‹ŒÎ‚ˆ\[™[˜ÚY\Î‚ˆ›ÜØ\™YˆŒ‹Œˆ\Y‹šœÎˆKŽKŒB‚ˆÛKŒMKŒ‚ˆ\[™[˜ÚY\Î‚ˆ[žXÛÙNˆ‹ŒËŒB‚ˆ[žXÛÙP‹ŒËŒNˆßB‚ˆ\˜ÛÙK\™XY\KŒˆßB‚ˆ\˜ÛÙK]\›Z[˜[ŒL‹ŒˆßB‚ˆ\Ð‹ŒLKŒ‚ˆ\[™[˜ÚY\Î‚ˆÚYKXÚ[›™[ˆKŒKŒB‚ˆ\Ð‹ŒLËŒ‚ˆ\[™[˜ÚY\Î‚ˆÚYKXÚ[›™[ˆKŒKŒB‚ˆ]X[œÞ[˜ÐŒ‹ŒLNˆßB‚ˆ]Y\ž\Ýš[™ÚYžP‹Œ‹ŒˆßB‚ˆ]Y]YK[ZXÜ›Ý\ÚÐKŒ‹ŒÎˆßB‚ˆ˜[™ÙK\\œÙ\KŒ‹ŒNˆßB‚ˆ˜]ËX›ÙP‹KŒŽ‚ˆ\[™[˜ÚY\Î‚ˆž]\ÎˆËŒKŒ‚ˆY\œ›ÜœÎˆ‹ŒŒˆXÛÛ‹[]NˆŒˆ[œ\NˆKŒŒ‚ˆ™XXÝZ\ÐMËŒŒŽˆßB‚ˆ™XYXØXÚPKŒŒ‚ˆ\[™[˜ÚY\Î‚ˆYžNˆ‹ŒËŒ‚ˆ™XY\œË‹Œ‚ˆ\[™[˜ÚY\Î‚ˆXÛÛX]Úˆ‹ŒËŒ‚‚ˆ™XY\œKŒKŒNˆßB‚ˆ™YÙ[™\˜]K][šXÛÙK\›Ü\Y\ÐLŒ‹ŒŽ‚ˆ\[™[˜ÚY\Î‚ˆ™YÙ[™\˜]NˆKŒ‚‚ˆ™YÙ[™\˜]PKŒŽˆßB‚ˆ™YÙ[™\˜]Ü‹\[[YPŒLËŒLNˆßB‚ˆ™YÙ[™\˜]Ü‹\[[YPŒMŒNˆßB‚ˆ™YÙ^KXÛÜ™P‹Œ‚ˆ\[™[˜ÚY\Î‚ˆ™YÙ[™\˜]NˆKŒ‚ˆ™YÙ[™\˜]K][šXÛÙK\›Ü\Y\ÎˆLŒ‹Œ‚ˆ™YÚœÙÙ[ŽˆŽŒˆ™YÚœÜ\œÙ\ŽˆŒLËŒ‚ˆ[šXÛÙK[X]Ú\›Ü\KYXÛX\ØÜš\ˆ‹ŒŒˆ[šXÛÙK[X]Ú\›Ü\K]˜[YKYXÛX\ØÜš\ˆ‹Œ‹ŒB‚ˆ™YÚœÙÙ[ŽŒˆßB‚ˆ™YÚœÜ\œÙ\ŒLËŒŽ‚ˆ\[™[˜ÚY\Î‚ˆœÙ\ØÎˆËŒKŒ‚ˆ™\]Z\™KY\™XÝÜžP‹ŒKŒNˆßB‚ˆ™\]Z\™\Ë\ÜKŒŒˆßB‚ˆ™\ÛÛ™KXÝÙËŒŒ‚ˆ\[™[˜ÚY\Î‚ˆ™\ÛÛ™KYœ›ÛNˆKŒŒ‚ˆ™\ÛÛ™KYœ›ÛPKŒŒˆßB‚ˆ™\ÛÛ™K™^ÜÐKŒKŒNˆßB‚ˆ™\ÛÛ™PKŒŒ‹ŒLŽ‚ˆ\[™[˜ÚY\Î‚ˆ\ËY\œ›ÜœÎˆKŒËŒˆ\ËXÛÜ™K[[Ù[Nˆ‹ŒM‹Œ‚ˆ]\\œÙNˆKŒÂˆÝ\ÜË\™\Ù\™K\Þ[[[šÜËY›YÎˆKŒŒ‚ˆ™\ÛÛ™PKŒŒ‹Ž‚ˆ\[™[˜ÚY\Î‚ˆ\ËXÛÜ™K[[Ù[Nˆ‹ŒM‹Œ‚ˆ]\\œÙNˆKŒÂˆÝ\ÜË\™\Ù\™K\Þ[[[šÜËY›YÎˆKŒŒ‚ˆ™]\ÚYžPKŒKŒˆßB‚ˆš[\˜YËŒŒŽ‚ˆ\[™[˜ÚY\Î‚ˆÛØŽˆËŒ‹ŒÂ‚ˆ›Û\Œ‹‚ˆ\[™[˜ÚY\Î‚ˆ	Ð\\ËÙ\Ý™YIÎˆKŒŽBˆÜ[Û˜[\[™[˜ÚY\Î‚ˆ	Ð˜\K\œËÛ›XK[[^^YÛIÎˆKKŒBˆ	Ð›Û\Ü›Û\X[™›ÚYX\›KYXXšIÎˆŒ‹ˆ	Ð›Û\Ü›Û\X[™›ÚYX\›M	ÎˆŒ‹ˆ	Ð›Û\Ü›Û\Y\Ú[‹X\›M	ÎˆŒ‹ˆ	Ð›Û\Ü›Û\Y\Ú[‹^	ÎˆŒ‹ˆ	Ð›Û\Ü›Û\Yœ™YXœÙX\›M	ÎˆŒ‹ˆ	Ð›Û\Ü›Û\Yœ™YXœÙ^	ÎˆŒ‹ˆ	Ð›Û\Ü›Û\[[^X\›KYÛYXXšZ‰ÎˆŒ‹ˆ	Ð›Û\Ü›Û\[[^X\›K[]\ÛXXšZ‰ÎˆŒ‹ˆ	Ð›Û\Ü›Û\[[^X\›MYÛIÎˆŒ‹ˆ	Ð›Û\Ü›Û\[[^X\›M[]\Û	ÎˆŒ‹ˆ	Ð›Û\Ü›Û\[[^[ÛÛ™ÍYÛIÎˆŒ‹ˆ	Ð›Û\Ü›Û\[[^[ÛÛ™Í[]\Û	ÎˆŒ‹ˆ	Ð›Û\Ü›Û\[[^\ÍYÛIÎˆŒ‹ˆ	Ð›Û\Ü›Û\[[^\Í[]\Û	ÎˆŒ‹ˆ	Ð›Û\Ü›Û\[[^\š\ØÝYÛIÎˆŒ‹ˆ	Ð›Û\Ü›Û\[[^\š\ØÝ[]\Û	ÎˆŒ‹ˆ	Ð›Û\Ü›Û\[[^\ÌÎLYÛIÎˆŒ‹ˆ	Ð›Û\Ü›Û\[[^^YÛIÎˆŒ‹ˆ	Ð›Û\Ü›Û\[[^^[]\Û	ÎˆŒ‹ˆ	Ð›Û\Ü›Û\[Ü[˜œÙ^	ÎˆŒ‹ˆ	Ð›Û\Ü›Û\[Ü[š\›[ÛžKX\›M	ÎˆŒ‹ˆ	Ð›Û\Ü›Û\]Ú[ŒÌ‹X\›M[\Ý˜ÉÎˆŒ‹ˆ	Ð›Û\Ü›Û\]Ú[ŒÌ‹ZXLÌ‹[\Ý˜ÉÎˆŒ‹ˆ	Ð›Û\Ü›Û\]Ú[ŒÌ‹^YÛIÎˆŒ‹ˆ	Ð›Û\Ü›Û\]Ú[ŒÌ‹^[\Ý˜ÉÎˆŒ‹ˆœÙ]™[Îˆ‹ŒËŒÂ‚ˆ[‹\\˜[[KŒ‹Œ‚ˆ\[™[˜ÚY\Î‚ˆ]Y]YK[ZXÜ›Ý\ÚÎˆKŒ‹ŒÂ‚ˆØY™KX\™XKZ[œÙ]ÐKŒNˆßB‚ˆØY™KXY™™\KŒ‹ŒNˆßB‚ˆØY™\‹XY™™\‹ŒKŒŽˆßB‚ˆØ\ÜÐKŒL‹Œ‚ˆ\[™[˜ÚY\Î‚ˆÚÚÚY\ŽˆKŒŒˆ[[]]X›NˆKŒKŽBˆÛÝ\˜ÙK[X\ZœÎˆKŒ‹ŒBˆÜ[Û˜[\[™[˜ÚY\Î‚ˆ	Ð\˜Ù[ÝØ]Ú\‰Îˆ‹‹Œ‚ˆØ^K‹ŒNˆßB‚ˆØ^\ÐKŒŒN‚ˆ\[™[˜ÚY\Î‚ˆ[Ú\œÎˆ‹Œ‹Œ‚ˆØÝ[PKŒËŒˆßB‚ˆÙ[]™\‹ŒËŒNˆßB‚ˆÙ[]™\ËŽNˆßB‚ˆÙ[™ŒNŒ
Ý\ÜËXÛÛÜŒKŒJN‚ˆ\[™[˜ÚY\Î‚ˆXYÎˆ‹‹ŽJÝ\ÜËXÛÛÜŒKŒJBˆ\ˆ‹ŒŒˆ\Ý›ÞNˆKŒ‹Œˆ[˜ÛÙ]\›ˆKŒŒ‚ˆ\ØØ\KZ[ˆKŒŒÂˆ]YÎˆKŽŒBˆœ™\ÚˆKŒ‚ˆY\œ›ÜœÎˆ‹ŒŒˆZ[YNˆK‹Œˆ\Îˆ‹ŒKŒÂˆÛ‹Yš[š\ÚYˆ‹ŒBˆ˜[™ÙK\\œÙ\ŽˆKŒ‹ŒBˆÝ]\Ù\Îˆ‹ŒŒBˆ˜[œÚ]]™TY\‘\[™[˜ÚY\Î‚ˆHÝ\ÜËXÛÛÜ‚‚ˆÙ[™ŒNKŒ
Ý\ÜËXÛÛÜŒKŒJN‚ˆ\[™[˜ÚY\Î‚ˆXYÎˆ‹‹ŽJÝ\ÜËXÛÛÜŒKŒJBˆ\ˆ‹ŒŒˆ\Ý›ÞNˆKŒ‹Œˆ[˜ÛÙ]\›ˆKŒŒ‚ˆ\ØØ\KZ[ˆKŒŒÂˆ]YÎˆKŽŒBˆœ™\ÚˆKŒ‚ˆY\œ›ÜœÎˆ‹ŒŒˆZ[YNˆK‹Œˆ\Îˆ‹ŒKŒÂˆÛ‹Yš[š\ÚYˆ‹ŒBˆ˜[™ÙK\\œÙ\ŽˆKŒ‹ŒBˆÝ]\Ù\Îˆ‹ŒŒBˆ˜[œÚ]]™TY\‘\[™[˜ÚY\Î‚ˆHÝ\ÜËXÛÛÜ‚‚ˆÙ\™K\Ý]XÐKŒM‹Œ
Ý\ÜËXÛÛÜŒKŒJN‚ˆ\[™[˜ÚY\Î‚ˆ[˜ÛÙ]\›ˆKŒŒ‚ˆ\ØØ\KZ[ˆKŒŒÂˆ\œÙ]\›ˆKŒËŒÂˆÙ[™ˆŒNŒ
Ý\ÜËXÛÛÜŒKŒJBˆ˜[œÚ]]™TY\‘\[™[˜ÚY\Î‚ˆHÝ\ÜËXÛÛÜ‚‚ˆÙ]›ÝÝ\[ÙKŒ‹ŒˆßB‚ˆÚX˜[™ËXÛÛ[X[™‹ŒŒ‚ˆ\[™[˜ÚY\Î‚ˆÚX˜[™Ë\™YÙ^ˆËŒŒ‚ˆÚX˜[™Ë\™YÙ^ËŒŒˆßB‚ˆÚYKXÚ[›™[[\ÝKŒŒN‚ˆ\[™[˜ÚY\Î‚ˆ\ËY\œ›ÜœÎˆKŒËŒˆØš™XÝZ[œÜXÝˆKŒLË‚ˆÚYKXÚ[›™[[X\KŒŒN‚ˆ\[™[˜ÚY\Î‚ˆØ[X›Ý[™ˆKŒˆ\ËY\œ›ÜœÎˆKŒËŒˆÙ]Z[š[œÚXÎˆKŒËŒˆØš™XÝZ[œÜXÝˆKŒLË‚ˆÚYKXÚ[›™[]ÙXZÛX\KŒŒŽ‚ˆ\[™[˜ÚY\Î‚ˆØ[X›Ý[™ˆKŒˆ\ËY\œ›ÜœÎˆKŒËŒˆÙ]Z[š[œÚXÎˆKŒËŒˆØš™XÝZ[œÜXÝˆKŒLËˆÚYKXÚ[›™[[X\ˆKŒŒB‚ˆÚYKXÚ[›™[KŒKŒN‚ˆ\[™[˜ÚY\Î‚ˆ\ËY\œ›ÜœÎˆKŒËŒˆØš™XÝZ[œÜXÝˆKŒLËˆÚYKXÚ[›™[[\ÝˆKŒŒBˆÚYKXÚ[›™[[X\ˆKŒŒBˆÚYKXÚ[›™[]ÙXZÛX\ˆKŒŒ‚‚ˆÚYÛ˜[Y^]ËŒÎˆßB‚ˆÚ\Ý\˜[œÚPKŒNˆßB‚ˆÛ\ÚËŒŒˆßB‚ˆÛÝ\˜ÙK[X\ZœÐKŒ‹ŒNˆßB‚ˆÛÝ\˜ÙK[X\\Ý\ÜKŒŒN‚ˆ\[™[˜ÚY\Î‚ˆY™™\‹Yœ›ÛNˆKŒKŒ‚ˆÛÝ\˜ÙK[X\ˆ‹ŒB‚ˆÛÝ\˜ÙK[X\‹ŒNˆßB‚ˆÛÝ\˜ÙK[X\ËŽˆßB‚ˆÜš[‹ZœÐKŒŒÎˆßB‚ˆÝXÚË]][Ð‹ŒŽ‚ˆ\[™[˜ÚY\Î‚ˆ\ØØ\K\Ýš[™Ë\™YÙ^ˆ‹ŒŒ‚ˆÝ]\Ù\Ð‹ŒŒNˆßB‚ˆÝš[™ËZ\ÚKŒKŒÎˆßB‚ˆÝš[™Ë[[™ÝŒŒŽ‚ˆ\[™[˜ÚY\Î‚ˆÚ\‹\™YÙ^ˆKŒŒ‚ˆÝš\X[œÚNˆ‹ŒŒB‚ˆÝš[™Ë]ÚYŒ‹ŒÎ‚ˆ\[™[˜ÚY\Î‚ˆ[[ÚšK\™YÙ^ˆŒŒˆ\ËY[ÚYXÛÙK\Ú[ˆËŒŒˆÝš\X[œÚNˆ‹ŒŒB‚ˆÝš\X[œÚP‹ŒŒN‚ˆ\[™[˜ÚY\Î‚ˆ[œÚK\™YÙ^ˆKŒŒB‚ˆÝš\X›ÛPŒŒˆßB‚ˆÝš\Yš[˜[[™]Û[™P‹ŒŒˆßB‚ˆÝš\ZœÛÛ‹XÛÛ[Y[ÐËŒKŒNˆßB‚ˆÝš\[]\˜[ËŒKŒ‚ˆ\[™[˜ÚY\Î‚ˆœË]ÚÙ[œÎˆKŒŒB‚ˆÝ\ÜËXÛÛÜKKŒ‚ˆ\[™[˜ÚY\Î‚ˆ\ËY›YÎˆËŒŒ‚ˆÝ\ÜËXÛÛÜËŒ‹Œ‚ˆ\[™[˜ÚY\Î‚ˆ\ËY›YÎˆŒŒ‚ˆÝ\ÜËXÛÛÜŒKŒN‚ˆ\[™[˜ÚY\Î‚ˆ\ËY›YÎˆŒŒ‚ˆÝ\ÜËZ\\›[šÜÐ‹ŒËŒ‚ˆ\[™[˜ÚY\Î‚ˆ\ËY›YÎˆŒŒˆÝ\ÜËXÛÛÜŽˆËŒ‹Œ‚ˆÝ\ÜË\™\Ù\™K\Þ[[[šÜËY›YÐKŒŒˆßB‚ˆÞ[X›Û]™YPËŒ‹ˆßB‚ˆÞ\Ý[ZœÐ‹ŒMKŒNˆßB‚ˆ\X›P‹ŒËŒÎˆßB‚ˆ\›Z[˜[[[šÐ‹ŒKŒN‚ˆ\[™[˜ÚY\Î‚ˆ[œÚKY\ØØ\\ÎˆŒËŒ‚ˆÝ\ÜËZ\\›[šÜÎˆ‹ŒËŒ‚ˆ\œÙ\KLŒ‚ˆ\[™[˜ÚY\Î‚ˆ	ÐœšYÙ]Ù[ÜÛÝ\˜ÙK[X\	ÎˆŒËŒLBˆXÛÜ›ŽˆŒNŒˆÛÛ[X[™\Žˆ‹ŒŒŒÂˆÛÝ\˜ÙK[X\\Ý\ÜˆKŒŒB‚ˆ\ÝY^ÛYP‹ŒŒ‚ˆ\[™[˜ÚY\Î‚ˆ	Ð\Ý[˜[œËÜØÚ[XIÎˆŒK‚ˆÛØŽˆËŒ‹ŒÂˆZ[š[X]ÚˆËŒKB‚ˆ›Ø]‹ŒŒŽˆßB‚ˆ[[PKËŒNˆßB‚ˆ[žXÛÛÜŒK‹ŒˆßB‚ˆ[žYÛØ˜žPŒ‹ŒMÎ‚ˆ\[™[˜ÚY\Î‚ˆ™\Žˆ‹KŒ
XÛÛX]ÚŒJBˆXÛÛX]ÚˆŒB‚ˆ\KŒNˆßB‚ˆËY˜\Ý\›Ü\Y\Ð‹ŒŒˆßB‚ˆË\™YÙ^\˜[™ÙPKŒŒN‚ˆ\[™[˜ÚY\Î‚ˆ\Ë[[X™\ŽˆËŒŒ‚ˆÚY[YšY\KŒŒNˆßB‚ˆÝYÚXÛÛÚÚYPŒK‚ˆ\[™[˜ÚY\Î‚ˆÛˆKŒMKŒˆ[žXÛÙNˆ‹ŒËŒBˆ[š]™\œØ[YžNˆŒ‹Œˆ\›\\œÙNˆKKŒL‚ˆ‹ŒKŒ‚ˆ\[™[˜ÚY\Î‚ˆ[žXÛÙNˆ‹ŒËŒB‚ˆ\KY]XÝŒŽˆßB‚ˆ\KY™\ÝŒŒKŒÎˆßB‚ˆ\KZ\ÐK‹ŒN‚ˆ\[™[˜ÚY\Î‚ˆYYXK]\\ŽˆŒËŒˆZ[YK]\\Îˆ‹ŒKŒÍB‚ˆ\Y\œ˜^K]ËXY™™\ËŒKN‚ˆ\[™[˜ÚY\Î‚ˆ\Ë]\Y\œ˜^NˆKŒŒ‚ˆ\\ØÜš\ŽKNˆßB‚ˆ\\ØÜš\KŽKŒÎˆßB‚ˆY›ÐK‹ˆßB‚ˆ[™XÚK]\\ÐŒËŒˆßB‚ˆ[šXÛÙKXØ[›ÛšXØ[\›Ü\K[˜[Y\ËYXÛX\ØÜš\‹ŒŒNˆßB‚ˆ[šXÛÙK[X]Ú\›Ü\KYXÛX\ØÜš\‹ŒŒ‚ˆ\[™[˜ÚY\Î‚ˆ[šXÛÙKXØ[›ÛšXØ[\›Ü\K[˜[Y\ËYXÛX\ØÜš\ˆ‹ŒŒBˆ[šXÛÙK\›Ü\KX[X\Ù\ËYXÛX\ØÜš\ˆ‹Œ‹Œ‚ˆ[šXÛÙK[X]Ú\›Ü\K]˜[YKYXÛX\ØÜš\‹Œ‹ŒNˆßB‚ˆ[šXÛÙK\›Ü\KX[X\Ù\ËYXÛX\ØÜš\‹Œ‹ŒˆßB‚ˆ[š[\ÜŒKŒN‚ˆ\[™[˜ÚY\Î‚ˆXÛÜ›ŽˆŒNŒˆ\ØØ\K\Ýš[™Ë\™YÙ^ˆKŒŒˆ\Ý™YK]Ø[Ù\ŽˆËŒŒÂˆ˜\ÝYÛØŽˆËŒËŒÂˆØØ[\ÙÎˆKŒ‹ŒBˆXYÚXË\Ýš[™ÎˆŒÌŒŒBˆ[NˆKŽŒ‚ˆ]Nˆ‹ŒŒÂˆXÛÛX]ÚˆŒBˆÙË]\\ÎˆKŒËŒBˆØÝ[NˆKŒËŒˆÝš\[]\˜[ˆËŒKŒˆ[œYÚ[Žˆ‹ŒËŒLBˆ[œYÚ[‹]][ÎˆŒ‹B‚ˆ[š]™\œØ[YžPŒ‹ŒˆßB‚ˆ[š]™\œØ[YžP‹ŒŒNˆßB‚ˆ[œ\PKŒŒˆßB‚ˆ[œYÚ[‹X]]ËZ[\ÜNKŒKŒ‚ˆ\[™[˜ÚY\Î‚ˆØØ[\ÙÎˆKŒ‹ŒBˆXYÚXË\Ýš[™ÎˆŒÌŒŒBˆXÛÛX]ÚˆŒBˆ[š[\ÜˆŒKŒBˆ[œYÚ[Žˆ‹ŒËŒLBˆ[œYÚ[‹]][ÎˆŒ‹B‚ˆ[œYÚ[‹]][ÐŒ‹N‚ˆ\[™[˜ÚY\Î‚ˆ]Nˆ‹ŒŒÂˆXÛÛX]ÚˆŒB‚ˆ[œYÚ[‹ŒËŒLN‚ˆ\[™[˜ÚY\Î‚ˆ	ÐœšYÙ]Ù[Ü™[X\[™ÉÎˆ‹ŒËBˆXÛÜ›ŽˆŒNŒˆXÛÛX]ÚˆŒBˆÙXœXÚË]š\X[[[Ù[\Îˆ‹Œ‚‚ˆ[œ][ÝPKŒKŒNˆßB‚ˆ\]KXœ›ÝÜÙ\œÛ\ÝYKŒËŒJœ›ÝÜÙ\œÛ\ÝŒŽŽ
N‚ˆ\[™[˜ÚY\Î‚ˆœ›ÝÜÙ\œÛ\ÝˆŒŽŽˆ\ØØ[YNˆËŒ‹ŒˆXÛØÛÛÜœÎˆKŒKŒB‚ˆ\›\\œÙPKKŒL‚ˆ\[™[˜ÚY\Î‚ˆ]Y\ž\Ýš[™ÚYžNˆ‹Œ‹Œˆ™\]Z\™\Ë\ÜˆKŒŒ‚ˆ]Y‹ŒŒN‚ˆ\[™[˜ÚY\Î‚ˆZÛÎˆKŒŒLB‚ˆ][Y\™XØ]PKŒŒŽˆßB‚ˆ][Ë[Y\™ÙPKŒŒNˆßB‚ˆŽ]ËZ\Ý[˜[ŒKŒN‚ˆ\[™[˜ÚY\Î‚ˆ	Ð\\ËÚ\Ý[˜[[X‹XÛÝ™\˜YÙIÎˆ‹Œ‚ˆÛÛ™\\ÛÝ\˜ÙK[X\ˆKŽKŒˆÛÝ\˜ÙK[X\ˆË‚‚ˆ˜\žPKŒKŒŽˆßB‚ˆš]P‹ŒÊ\\ËÛ›ÙP‹Œ‹Œ
JØ\ÜÐKŒL‹Œ
J\œÙ\KLŒ
JX[[‹ŽŒJN‚ˆ\[™[˜ÚY\Î‚ˆ\ØZ[ˆŒKŒL‚ˆ™\Žˆ‹KŒ
XÛÛX]ÚŒJBˆXÛÛX]ÚˆŒBˆÜÝÜÜÎˆKŒ‚ˆ›Û\ˆŒ‹ˆ[žYÛØ˜žNˆŒ‹ŒMÂˆÜ[Û˜[\[™[˜ÚY\Î‚ˆ	Ð\\ËÛ›ÙIÎˆ‹Œ‹ŒˆœÙ]™[Îˆ‹ŒËŒÂˆØ\ÜÎˆKŒL‹Œˆ\œÙ\ŽˆKLŒˆX[[ˆ‹ŽŒB‚ˆœØÛÙK]\šPËŒKŒˆßB‚ˆYKY[ZPŒMŒL
YPËŒŒJ\\ØÜš\ŽKJJN‚ˆ\[™[˜ÚY\Î‚ˆYNˆËŒŒJ\\ØÜš\ŽKJB‚ˆYK\›Ý]\
YPËŒŒJ\\ØÜš\ŽKJJN‚ˆ\[™[˜ÚY\Î‚ˆ	ÐYKÙ]ÛÛËX\IÎˆ‹‹ˆYNˆËŒŒJ\\ØÜš\ŽKJB‚ˆYK][\]KXÛÛ\[\‹ËŒMŽ‚ˆ\[™[˜ÚY\Î‚ˆKZ[™[ˆKŒŒ‚ˆNˆKŒ‹Œ‚ˆYK]ØÐKŽŒÊ\\ØÜš\ŽKJN‚ˆ\[™[˜ÚY\Î‚ˆ	Ð›Û\‹Ý\\ØÜš\	ÎˆKŒLKŒJ\\ØÜš\ŽKJBˆ	ÐYKÛ[™ÝXYÙKXÛÜ™IÎˆKŽŒÊ\\ØÜš\ŽKJBˆÙ[]™\ŽˆËŽBˆ\\ØÜš\ˆŽKB‚ˆYK]ØÐ‹Œ‹ŒLŠ\\ØÜš\KŽKŒÊN‚ˆ\[™[˜ÚY\Î‚ˆ	Ð›Û\‹Ý\\ØÜš\	Îˆ‹ŒMJ\\ØÜš\KŽKŒÊBˆ	ÐYKÛ[™ÝXYÙKXÛÜ™IÎˆ‹Œ‹ŒLŠ\\ØÜš\KŽKŒÊBˆ\\ØÜš\ˆKŽKŒÂ‚ˆYPËŒŒJ\\ØÜš\ŽKJN‚ˆ\[™[˜ÚY\Î‚ˆ	ÐYKØÛÛ\[\‹YÛIÎˆËŒŒBˆ	ÐYKØÛÛ\[\‹\Ù˜ÉÎˆËŒŒBˆ	ÐYKÜ[[YKYÛIÎˆËŒŒBˆ	ÐYKÜÙ\™\‹\™[™\™\‰ÎˆËŒŒJYPËŒŒJ\\ØÜš\ŽKJJBˆ	ÐYKÜÚ\™Y	ÎˆËŒŒBˆÜ[Û˜[\[™[˜ÚY\Î‚ˆ\\ØÜš\ˆŽKB‚ˆYPËŒŒJ\\ØÜš\KŽKŒÊN‚ˆ\[™[˜ÚY\Î‚ˆ	ÐYKØÛÛ\[\‹YÛIÎˆËŒŒBˆ	ÐYKØÛÛ\[\‹\Ù˜ÉÎˆËŒŒBˆ	ÐYKÜ[[YKYÛIÎˆËŒŒBˆ	ÐYKÜÙ\™\‹\™[™\™\‰ÎˆËŒŒJYPËŒŒJ\\ØÜš\KŽKŒÊJBˆ	ÐYKÜÚ\™Y	ÎˆËŒŒBˆÜ[Û˜[\[™[˜ÚY\Î‚ˆ\\ØÜš\ˆKŽKŒÂ‚ˆÌØËZ‹][YPKŒŒŽ‚ˆ\[™[˜ÚY\Î‚ˆœ›ÝÜÙ\‹\›ØÙ\ÜËZ[YNˆKŒŒ‚ˆÌØË^[Ù\šX[^™\‹ŒŒ‚ˆ\[™[˜ÚY\Î‚ˆ[[˜[YK]˜[Y]ÜŽˆËŒŒ‚ˆØ[Ù\KŒŽ‚ˆ\[™[˜ÚY\Î‚ˆXZÙY\œ›ÜŽˆKŒŒL‚‚ˆÙXšYXÛÛ™\œÚ[ÛœÐKŒŒˆßB‚ˆÙXšYXÛÛ™\œÚ[ÛœÐ‹ŒKŒˆßB‚ˆÙXœXÚË]š\X[[[Ù[\Ð‹ŒŽˆßB‚ˆÚ]ÙËY[˜ÛÙ[™ÐKŒN‚ˆ\[™[˜ÚY\Î‚ˆXÛÛ‹[]NˆŒ‚ˆÚ]ÙË[Z[Y]\P‹ŒËŒˆßB‚ˆÚ]ÙË]\›ËŒ‚ˆ\[™[˜ÚY\Î‚ˆÙ\ÚˆŒNŒBˆŽˆ‹ŒKŒˆÙXšYXÛÛ™\œÚ[ÛœÎˆ‹ŒKŒ‚ˆÚXÚ‹ŒŒŽ‚ˆ\[™[˜ÚY\Î‚ˆ\Ù^Nˆ‹ŒŒ‚ˆÜ˜\X[œÚPËŒŒ‚ˆ\[™[˜ÚY\Î‚ˆ[œÚK\Ý[\ÎˆŒËŒˆÝš[™Ë]ÚYˆŒ‹ŒÂˆÝš\X[œÚNˆ‹ŒŒB‚ˆÜ˜\PKŒŒŽˆßB‚ˆÜš]KYš[KX]ÛZXÐËŒŒÎ‚ˆ\[™[˜ÚY\Î‚ˆ[]\›]\š\ÚˆŒKˆ\Ë]\Y\œ˜^NˆKŒŒˆÚYÛ˜[Y^]ˆËŒÂˆ\Y\œ˜^K]ËXY™™\ŽˆËŒKB‚ˆÜÐËKŒLÎˆßB‚ˆÜÐŒŒKŒÎˆßB‚ˆ‹‹Œ‚ˆ\[™[˜ÚY\Î‚ˆÛØ˜[ˆŒˆ\ËY[˜Ý[ÛŽˆKŒŒ‚ˆ\œÙKZXY\œÎˆ‹Œ‚ˆ[™ˆŒŒ‚‚ˆ[[˜[YK]˜[Y]ÜËŒŒˆßB‚ˆ[\\œÙKYœ›ÛK\Ýš[™ÐKŒŒNˆßB‚ˆ[šœÐKŒ‚ˆ\[™[˜ÚY\Î‚ˆØ^ˆK‹ŒBˆ[Z[\ŽˆLKŒŒB‚ˆ[Z[\LKŒŒNˆßB‚ˆ[Ú\œÐ‹Œ‹ŒˆßB‚ˆ[™\]Y\ÝKŽŒˆßB‚ˆ™YÙ^KŒKŒŽ‚ˆ\[™[˜ÚY\Î‚ˆ	Ð˜X™[Ü[[YKXÛÜ™ZœÌÉÎˆËŒŽKÂ‚ˆ[™ŒŒŽˆßB‚ˆLNKŒŽˆßB‚ˆX[\ÝËŒKŒNˆßB‚ˆX[[KŒLŒÎˆßB‚ˆX[[‹ŽŒNˆßB‚ˆX\™ÜË\\œÙ\ŒŒ‹ŽNˆßB‚ˆX\™ÜÐM‹Œ‹ŒŽ‚ˆ\[™[˜ÚY\Î‚ˆÛ]ZNˆËŒˆ\ØØ[YNˆËŒ‹ŒˆÙ]XØ[\‹Yš[Nˆ‹ŒBˆ™\]Z\™KY\™XÝÜžNˆ‹ŒKŒBˆÝš[™Ë]ÚYˆŒ‹ŒÂˆLNŽˆKŒŽˆX\™ÜË\\œÙ\ŽˆŒŒ‹ŽB